// !$*UTF8*$!
{
	archiveVersion = 1;
	classes = {
	};
	objectVersion = 56;
	objects = {

/* Begin PBXBuildFile section */
		5A717D2529C36326000C84AA /* AppsPageController.swift in Sources */ = {isa = PBXBuildFile; fileRef = 5A717D2429C36326000C84AA /* AppsPageController.swift */; };
		5A717D2729C36561000C84AA /* BaseListController.swift in Sources */ = {isa = PBXBuildFile; fileRef = 5A717D2629C36561000C84AA /* BaseListController.swift */; };
		5A717D2A29C36CCD000C84AA /* AppGroupCell.swift in Sources */ = {isa = PBXBuildFile; fileRef = 5A717D2929C36CCD000C84AA /* AppGroupCell.swift */; };
		5A717D2C29C36F58000C84AA /* AppHorizontalController.swift in Sources */ = {isa = PBXBuildFile; fileRef = 5A717D2B29C36F58000C84AA /* AppHorizontalController.swift */; };
		5A717D2E29C3B4E8000C84AA /* AppRowCell.swift in Sources */ = {isa = PBXBuildFile; fileRef = 5A717D2D29C3B4E8000C84AA /* AppRowCell.swift */; };
		5A717D3029C3B599000C84AA /* Extensions.swift in Sources */ = {isa = PBXBuildFile; fileRef = 5A717D2F29C3B599000C84AA /* Extensions.swift */; };
		5A717D3229C3BDF6000C84AA /* AppPageHeader.swift in Sources */ = {isa = PBXBuildFile; fileRef = 5A717D3129C3BDF6000C84AA /* AppPageHeader.swift */; };
		5A717D3429C3BF8E000C84AA /* AppHeaderHorizontalController.swift in Sources */ = {isa = PBXBuildFile; fileRef = 5A717D3329C3BF8E000C84AA /* AppHeaderHorizontalController.swift */; };
		5A717D3629C3C35E000C84AA /* AppHeaderCell.swift in Sources */ = {isa = PBXBuildFile; fileRef = 5A717D3529C3C35E000C84AA /* AppHeaderCell.swift */; };
		5A717D3829C45439000C84AA /* AppGroup.swift in Sources */ = {isa = PBXBuildFile; fileRef = 5A717D3729C45439000C84AA /* AppGroup.swift */; };
		5A717D3B29C4B962000C84AA /* SpinnerIndicatorViewController.swift in Sources */ = {isa = PBXBuildFile; fileRef = 5A717D3A29C4B962000C84AA /* SpinnerIndicatorViewController.swift */; };
		5A717D3D29C4BDF1000C84AA /* SocialApp.swift in Sources */ = {isa = PBXBuildFile; fileRef = 5A717D3C29C4BDF1000C84AA /* SocialApp.swift */; };
		5AA22FEB29C202CC008A84D2 /* AppDelegate.swift in Sources */ = {isa = PBXBuildFile; fileRef = 5AA22FEA29C202CC008A84D2 /* AppDelegate.swift */; };
		5AA22FED29C202CC008A84D2 /* SceneDelegate.swift in Sources */ = {isa = PBXBuildFile; fileRef = 5AA22FEC29C202CC008A84D2 /* SceneDelegate.swift */; };
		5AA22FEF29C202CC008A84D2 /* ViewController.swift in Sources */ = {isa = PBXBuildFile; fileRef = 5AA22FEE29C202CC008A84D2 /* ViewController.swift */; };
		5AA22FF229C202CC008A84D2 /* Main.storyboard in Resources */ = {isa = PBXBuildFile; fileRef = 5AA22FF029C202CC008A84D2 /* Main.storyboard */; };
		5AA22FF429C202CE008A84D2 /* Assets.xcassets in Resources */ = {isa = PBXBuildFile; fileRef = 5AA22FF329C202CE008A84D2 /* Assets.xcassets */; };
		5AA22FF729C202CE008A84D2 /* LaunchScreen.storyboard in Resources */ = {isa = PBXBuildFile; fileRef = 5AA22FF529C202CE008A84D2 /* LaunchScreen.storyboard */; };
		5AA2300129C203EE008A84D2 /* BaseTabBarController.swift in Sources */ = {isa = PBXBuildFile; fileRef = 5AA2300029C203EE008A84D2 /* BaseTabBarController.swift */; };
		5AA2300429C20C56008A84D2 /* AppSearchController.swift in Sources */ = {isa = PBXBuildFile; fileRef = 5AA2300329C20C56008A84D2 /* AppSearchController.swift */; };
		5AA2300729C20F40008A84D2 /* SearchResultCell.swift in Sources */ = {isa = PBXBuildFile; fileRef = 5AA2300629C20F40008A84D2 /* SearchResultCell.swift */; };
		5AA2300A29C222FF008A84D2 /* UIView+Layout.swift in Sources */ = {isa = PBXBuildFile; fileRef = 5AA2300929C222FF008A84D2 /* UIView+Layout.swift */; };
		5AA2300C29C2274C008A84D2 /* VerticalStackView.swift in Sources */ = {isa = PBXBuildFile; fileRef = 5AA2300B29C2274C008A84D2 /* VerticalStackView.swift */; };
		5AA2300F29C22F8E008A84D2 /* SearchResult.swift in Sources */ = {isa = PBXBuildFile; fileRef = 5AA2300E29C22F8E008A84D2 /* SearchResult.swift */; };
		5AA2301229C232BC008A84D2 /* Services.swift in Sources */ = {isa = PBXBuildFile; fileRef = 5AA2301129C232BC008A84D2 /* Services.swift */; };
		5AA2301529C2418A008A84D2 /* SDWebImage in Frameworks */ = {isa = PBXBuildFile; productRef = 5AA2301429C2418A008A84D2 /* SDWebImage */; };
/* End PBXBuildFile section */

/* Begin PBXFileReference section */
		5A717D2429C36326000C84AA /* AppsPageController.swift */ = {isa = PBXFileReference; lastKnownFileType = sourcecode.swift; path = AppsPageController.swift; sourceTree = "<group>"; };
		5A717D2629C36561000C84AA /* BaseListController.swift */ = {isa = PBXFileReference; lastKnownFileType = sourcecode.swift; path = BaseListController.swift; sourceTree = "<group>"; };
		5A717D2929C36CCD000C84AA /* AppGroupCell.swift */ = {isa = PBXFileReference; lastKnownFileType = sourcecode.swift; path = AppGroupCell.swift; sourceTree = "<group>"; };
		5A717D2B29C36F58000C84AA /* AppHorizontalController.swift */ = {isa = PBXFileReference; lastKnownFileType = sourcecode.swift; path = AppHorizontalController.swift; sourceTree = "<group>"; };
		5A717D2D29C3B4E8000C84AA /* AppRowCell.swift */ = {isa = PBXFileReference; lastKnownFileType = sourcecode.swift; path = AppRowCell.swift; sourceTree = "<group>"; };
		5A717D2F29C3B599000C84AA /* Extensions.swift */ = {isa = PBXFileReference; lastKnownFileType = sourcecode.swift; path = Extensions.swift; sourceTree = "<group>"; };
		5A717D3129C3BDF6000C84AA /* AppPageHeader.swift */ = {isa = PBXFileReference; lastKnownFileType = sourcecode.swift; path = AppPageHeader.swift; sourceTree = "<group>"; };
		5A717D3329C3BF8E000C84AA /* AppHeaderHorizontalController.swift */ = {isa = PBXFileReference; lastKnownFileType = sourcecode.swift; path = AppHeaderHorizontalController.swift; sourceTree = "<group>"; };
		5A717D3529C3C35E000C84AA /* AppHeaderCell.swift */ = {isa = PBXFileReference; lastKnownFileType = sourcecode.swift; path = AppHeaderCell.swift; sourceTree = "<group>"; };
		5A717D3729C45439000C84AA /* AppGroup.swift */ = {isa = PBXFileReference; lastKnownFileType = sourcecode.swift; path = AppGroup.swift; sourceTree = "<group>"; };
		5A717D3A29C4B962000C84AA /* SpinnerIndicatorViewController.swift */ = {isa = PBXFileReference; lastKnownFileType = sourcecode.swift; path = SpinnerIndicatorViewController.swift; sourceTree = "<group>"; };
		5A717D3C29C4BDF1000C84AA /* SocialApp.swift */ = {isa = PBXFileReference; lastKnownFileType = sourcecode.swift; path = SocialApp.swift; sourceTree = "<group>"; };
		5AA22FE729C202CC008A84D2 /* AppStoreLBTA.app */ = {isa = PBXFileReference; explicitFileType = wrapper.application; includeInIndex = 0; path = AppStoreLBTA.app; sourceTree = BUILT_PRODUCTS_DIR; };
		5AA22FEA29C202CC008A84D2 /* AppDelegate.swift */ = {isa = PBXFileReference; lastKnownFileType = sourcecode.swift; path = AppDelegate.swift; sourceTree = "<group>"; };
		5AA22FEC29C202CC008A84D2 /* SceneDelegate.swift */ = {isa = PBXFileReference; lastKnownFileType = sourcecode.swift; path = SceneDelegate.swift; sourceTree = "<group>"; };
		5AA22FEE29C202CC008A84D2 /* ViewController.swift */ = {isa = PBXFileReference; lastKnownFileType = sourcecode.swift; path = ViewController.swift; sourceTree = "<group>"; };
		5AA22FF129C202CC008A84D2 /* Base */ = {isa = PBXFileReference; lastKnownFileType = file.storyboard; name = Base; path = Base.lproj/Main.storyboard; sourceTree = "<group>"; };
		5AA22FF329C202CE008A84D2 /* Assets.xcassets */ = {isa = PBXFileReference; lastKnownFileType = folder.assetcatalog; path = Assets.xcassets; sourceTree = "<group>"; };
		5AA22FF629C202CE008A84D2 /* Base */ = {isa = PBXFileReference; lastKnownFileType = file.storyboard; name = Base; path = Base.lproj/LaunchScreen.storyboard; sourceTree = "<group>"; };
		5AA22FF829C202CE008A84D2 /* Info.plist */ = {isa = PBXFileReference; lastKnownFileType = text.plist.xml; path = Info.plist; sourceTree = "<group>"; };
		5AA2300029C203EE008A84D2 /* BaseTabBarController.swift */ = {isa = PBXFileReference; lastKnownFileType = sourcecode.swift; path = BaseTabBarController.swift; sourceTree = "<group>"; };
		5AA2300329C20C56008A84D2 /* AppSearchController.swift */ = {isa = PBXFileReference; lastKnownFileType = sourcecode.swift; path = AppSearchController.swift; sourceTree = "<group>"; };
		5AA2300629C20F40008A84D2 /* SearchResultCell.swift */ = {isa = PBXFileReference; lastKnownFileType = sourcecode.swift; path = SearchResultCell.swift; sourceTree = "<group>"; };
		5AA2300929C222FF008A84D2 /* UIView+Layout.swift */ = {isa = PBXFileReference; fileEncoding = 4; lastKnownFileType = sourcecode.swift; path = "UIView+Layout.swift"; sourceTree = "<group>"; };
		5AA2300B29C2274C008A84D2 /* VerticalStackView.swift */ = {isa = PBXFileReference; lastKnownFileType = sourcecode.swift; path = VerticalStackView.swift; sourceTree = "<group>"; };
		5AA2300E29C22F8E008A84D2 /* SearchResult.swift */ = {isa = PBXFileReference; lastKnownFileType = sourcecode.swift; path = SearchResult.swift; sourceTree = "<group>"; };
		5AA2301129C232BC008A84D2 /* Services.swift */ = {isa = PBXFileReference; lastKnownFileType = sourcecode.swift; path = Services.swift; sourceTree = "<group>"; };
/* End PBXFileReference section */

/* Begin PBXFrameworksBuildPhase section */
		5AA22FE429C202CC008A84D2 /* Frameworks */ = {
			isa = PBXFrameworksBuildPhase;
			buildActionMask = 2147483647;
			files = (
				5AA2301529C2418A008A84D2 /* SDWebImage in Frameworks */,
			);
			runOnlyForDeploymentPostprocessing = 0;
		};
/* End PBXFrameworksBuildPhase section */

/* Begin PBXGroup section */
		5A717D2329C3631A000C84AA /* Apps */ = {
			isa = PBXGroup;
			children = (
				5A717D2429C36326000C84AA /* AppsPageController.swift */,
				5A717D2B29C36F58000C84AA /* AppHorizontalController.swift */,
				5A717D3329C3BF8E000C84AA /* AppHeaderHorizontalController.swift */,
			);
			path = Apps;
			sourceTree = "<group>";
		};
		5A717D2829C36CBD000C84AA /* Apps */ = {
			isa = PBXGroup;
			children = (
				5A717D2929C36CCD000C84AA /* AppGroupCell.swift */,
				5A717D2D29C3B4E8000C84AA /* AppRowCell.swift */,
				5A717D3129C3BDF6000C84AA /* AppPageHeader.swift */,
				5A717D3529C3C35E000C84AA /* AppHeaderCell.swift */,
			);
			path = Apps;
			sourceTree = "<group>";
		};
		5A717D3929C4B954000C84AA /* Cores */ = {
			isa = PBXGroup;
			children = (
				5A717D3A29C4B962000C84AA /* SpinnerIndicatorViewController.swift */,
			);
			path = Cores;
			sourceTree = "<group>";
		};
		5AA22FDE29C202CC008A84D2 = {
			isa = PBXGroup;
			children = (
				5AA22FE929C202CC008A84D2 /* AppStoreLBTA */,
				5AA22FE829C202CC008A84D2 /* Products */,
			);
			sourceTree = "<group>";
		};
		5AA22FE829C202CC008A84D2 /* Products */ = {
			isa = PBXGroup;
			children = (
				5AA22FE729C202CC008A84D2 /* AppStoreLBTA.app */,
			);
			name = Products;
			sourceTree = "<group>";
		};
		5AA22FE929C202CC008A84D2 /* AppStoreLBTA */ = {
			isa = PBXGroup;
			children = (
				5AA2301029C23278008A84D2 /* Services */,
				5AA2300D29C22F84008A84D2 /* Models */,
				5AA2300829C222D1008A84D2 /* Helpers */,
				5AA2300529C20F1F008A84D2 /* Views */,
				5AA2300229C20C36008A84D2 /* Controllers */,
				5AA22FEA29C202CC008A84D2 /* AppDelegate.swift */,
				5AA22FEC29C202CC008A84D2 /* SceneDelegate.swift */,
				5AA22FEE29C202CC008A84D2 /* ViewController.swift */,
				5AA22FF029C202CC008A84D2 /* Main.storyboard */,
				5AA22FF329C202CE008A84D2 /* Assets.xcassets */,
				5AA22FF529C202CE008A84D2 /* LaunchScreen.storyboard */,
				5AA22FF829C202CE008A84D2 /* Info.plist */,
			);
			path = AppStoreLBTA;
			sourceTree = "<group>";
		};
		5AA2300229C20C36008A84D2 /* Controllers */ = {
			isa = PBXGroup;
			children = (
				5A717D3929C4B954000C84AA /* Cores */,
				5A717D2329C3631A000C84AA /* Apps */,
				5AA2300029C203EE008A84D2 /* BaseTabBarController.swift */,
				5AA2300329C20C56008A84D2 /* AppSearchController.swift */,
				5A717D2629C36561000C84AA /* BaseListController.swift */,
			);
			path = Controllers;
			sourceTree = "<group>";
		};
		5AA2300529C20F1F008A84D2 /* Views */ = {
			isa = PBXGroup;
			children = (
				5A717D2829C36CBD000C84AA /* Apps */,
				5AA2300629C20F40008A84D2 /* SearchResultCell.swift */,
				5AA2300B29C2274C008A84D2 /* VerticalStackView.swift */,
			);
			path = Views;
			sourceTree = "<group>";
		};
		5AA2300829C222D1008A84D2 /* Helpers */ = {
			isa = PBXGroup;
			children = (
				5AA2300929C222FF008A84D2 /* UIView+Layout.swift */,
				5A717D2F29C3B599000C84AA /* Extensions.swift */,
			);
			path = Helpers;
			sourceTree = "<group>";
		};
		5AA2300D29C22F84008A84D2 /* Models */ = {
			isa = PBXGroup;
			children = (
				5AA2300E29C22F8E008A84D2 /* SearchResult.swift */,
				5A717D3729C45439000C84AA /* AppGroup.swift */,
				5A717D3C29C4BDF1000C84AA /* SocialApp.swift */,
			);
			path = Models;
			sourceTree = "<group>";
		};
		5AA2301029C23278008A84D2 /* Services */ = {
			isa = PBXGroup;
			children = (
				5AA2301129C232BC008A84D2 /* Services.swift */,
			);
			path = Services;
			sourceTree = "<group>";
		};
/* End PBXGroup section */

/* Begin PBXNativeTarget section */
		5AA22FE629C202CC008A84D2 /* AppStoreLBTA */ = {
			isa = PBXNativeTarget;
			buildConfigurationList = 5AA22FFB29C202CE008A84D2 /* Build configuration list for PBXNativeTarget "AppStoreLBTA" */;
			buildPhases = (
				5AA22FE329C202CC008A84D2 /* Sources */,
				5AA22FE429C202CC008A84D2 /* Frameworks */,
				5AA22FE529C202CC008A84D2 /* Resources */,
			);
			buildRules = (
			);
			dependencies = (
			);
			name = AppStoreLBTA;
			packageProductDependencies = (
				5AA2301429C2418A008A84D2 /* SDWebImage */,
			);
			productName = AppStoreLBTA;
			productReference = 5AA22FE729C202CC008A84D2 /* AppStoreLBTA.app */;
			productType = "com.apple.product-type.application";
		};
/* End PBXNativeTarget section */

/* Begin PBXProject section */
		5AA22FDF29C202CC008A84D2 /* Project object */ = {
			isa = PBXProject;
			attributes = {
				BuildIndependentTargetsInParallel = 1;
				LastSwiftUpdateCheck = 1410;
				LastUpgradeCheck = 1410;
				TargetAttributes = {
					5AA22FE629C202CC008A84D2 = {
						CreatedOnToolsVersion = 14.1;
					};
				};
			};
			buildConfigurationList = 5AA22FE229C202CC008A84D2 /* Build configuration list for PBXProject "AppStoreLBTA" */;
			compatibilityVersion = "Xcode 14.0";
			developmentRegion = en;
			hasScannedForEncodings = 0;
			knownRegions = (
				en,
				Base,
			);
			mainGroup = 5AA22FDE29C202CC008A84D2;
			packageReferences = (
				5AA2301329C2418A008A84D2 /* XCRemoteSwiftPackageReference "SDWebImage" */,
			);
			productRefGroup = 5AA22FE829C202CC008A84D2 /* Products */;
			projectDirPath = "";
			projectRoot = "";
			targets = (
				5AA22FE629C202CC008A84D2 /* AppStoreLBTA */,
			);
		};
/* End PBXProject section */

/* Begin PBXResourcesBuildPhase section */
		5AA22FE529C202CC008A84D2 /* Resources */ = {
			isa = PBXResourcesBuildPhase;
			buildActionMask = 2147483647;
			files = (
				5AA22FF729C202CE008A84D2 /* LaunchScreen.storyboard in Resources */,
				5AA22FF429C202CE008A84D2 /* Assets.xcassets in Resources */,
				5AA22FF229C202CC008A84D2 /* Main.storyboard in Resources */,
			);
			runOnlyForDeploymentPostprocessing = 0;
		};
/* End PBXResourcesBuildPhase section */

/* Begin PBXSourcesBuildPhase section */
		5AA22FE329C202CC008A84D2 /* Sources */ = {
			isa = PBXSourcesBuildPhase;
			buildActionMask = 2147483647;
			files = (
				5A717D3D29C4BDF1000C84AA /* SocialApp.swift in Sources */,
				5AA2300129C203EE008A84D2 /* BaseTabBarController.swift in Sources */,
				5A717D3B29C4B962000C84AA /* SpinnerIndicatorViewController.swift in Sources */,
				5AA2300F29C22F8E008A84D2 /* SearchResult.swift in Sources */,
				5AA2300429C20C56008A84D2 /* AppSearchController.swift in Sources */,
				5AA22FEF29C202CC008A84D2 /* ViewController.swift in Sources */,
				5AA22FEB29C202CC008A84D2 /* AppDelegate.swift in Sources */,
				5A717D2529C36326000C84AA /* AppsPageController.swift in Sources */,
				5AA2301229C232BC008A84D2 /* Services.swift in Sources */,
				5A717D3229C3BDF6000C84AA /* AppPageHeader.swift in Sources */,
				5AA2300729C20F40008A84D2 /* SearchResultCell.swift in Sources */,
				5AA2300C29C2274C008A84D2 /* VerticalStackView.swift in Sources */,
				5A717D2C29C36F58000C84AA /* AppHorizontalController.swift in Sources */,
				5AA2300A29C222FF008A84D2 /* UIView+Layout.swift in Sources */,
				5A717D3429C3BF8E000C84AA /* AppHeaderHorizontalController.swift in Sources */,
				5A717D3029C3B599000C84AA /* Extensions.swift in Sources */,
				5A717D2729C36561000C84AA /* BaseListController.swift in Sources */,
				5A717D3829C45439000C84AA /* AppGroup.swift in Sources */,
				5A717D3629C3C35E000C84AA /* AppHeaderCell.swift in Sources */,
				5A717D2A29C36CCD000C84AA /* AppGroupCell.swift in Sources */,
				5AA22FED29C202CC008A84D2 /* SceneDelegate.swift in Sources */,
				5A717D2E29C3B4E8000C84AA /* AppRowCell.swift in Sources */,
			);
			runOnlyForDeploymentPostprocessing = 0;
		};
/* End PBXSourcesBuildPhase section */

/* Begin PBXVariantGroup section */
		5AA22FF029C202CC008A84D2 /* Main.storyboard */ = {
			isa = PBXVariantGroup;
			children = (
				5AA22FF129C202CC008A84D2 /* Base */,
			);
			name = Main.storyboard;
			sourceTree = "<group>";
		};
		5AA22FF529C202CE008A84D2 /* LaunchScreen.storyboard */ = {
			isa = PBXVariantGroup;
			children = (
				5AA22FF629C202CE008A84D2 /* Base */,
			);
			name = LaunchScreen.storyboard;
			sourceTree = "<group>";
		};
/* End PBXVariantGroup section */

/* Begin XCBuildConfiguration section */
		5AA22FF929C202CE008A84D2 /* Debug */ = {
			isa = XCBuildConfiguration;
			buildSettings = {
				ALWAYS_SEARCH_USER_PATHS = NO;
				CLANG_ANALYZER_NONNULL = YES;
				CLANG_ANALYZER_NUMBER_OBJECT_CONVERSION = YES_AGGRESSIVE;
				CLANG_CXX_LANGUAGE_STANDARD = "gnu++20";
				CLANG_ENABLE_MODULES = YES;
				CLANG_ENABLE_OBJC_ARC = YES;
				CLANG_ENABLE_OBJC_WEAK = YES;
				CLANG_WARN_BLOCK_CAPTURE_AUTORELEASING = YES;
				CLANG_WARN_BOOL_CONVERSION = YES;
				CLANG_WARN_COMMA = YES;
				CLANG_WARN_CONSTANT_CONVERSION = YES;
				CLANG_WARN_DEPRECATED_OBJC_IMPLEMENTATIONS = YES;
				CLANG_WARN_DIRECT_OBJC_ISA_USAGE = YES_ERROR;
				CLANG_WARN_DOCUMENTATION_COMMENTS = YES;
				CLANG_WARN_EMPTY_BODY = YES;
				CLANG_WARN_ENUM_CONVERSION = YES;
				CLANG_WARN_INFINITE_RECURSION = YES;
				CLANG_WARN_INT_CONVERSION = YES;
				CLANG_WARN_NON_LITERAL_NULL_CONVERSION = YES;
				CLANG_WARN_OBJC_IMPLICIT_RETAIN_SELF = YES;
				CLANG_WARN_OBJC_LITERAL_CONVERSION = YES;
				CLANG_WARN_OBJC_ROOT_CLASS = YES_ERROR;
				CLANG_WARN_QUOTED_INCLUDE_IN_FRAMEWORK_HEADER = YES;
				CLANG_WARN_RANGE_LOOP_ANALYSIS = YES;
				CLANG_WARN_STRICT_PROTOTYPES = YES;
				CLANG_WARN_SUSPICIOUS_MOVE = YES;
				CLANG_WARN_UNGUARDED_AVAILABILITY = YES_AGGRESSIVE;
				CLANG_WARN_UNREACHABLE_CODE = YES;
				CLANG_WARN__DUPLICATE_METHOD_MATCH = YES;
				COPY_PHASE_STRIP = NO;
				DEBUG_INFORMATION_FORMAT = dwarf;
				ENABLE_STRICT_OBJC_MSGSEND = YES;
				ENABLE_TESTABILITY = YES;
				GCC_C_LANGUAGE_STANDARD = gnu11;
				GCC_DYNAMIC_NO_PIC = NO;
				GCC_NO_COMMON_BLOCKS = YES;
				GCC_OPTIMIZATION_LEVEL = 0;
				GCC_PREPROCESSOR_DEFINITIONS = (
					"DEBUG=1",
					"$(inherited)",
				);
				GCC_WARN_64_TO_32_BIT_CONVERSION = YES;
				GCC_WARN_ABOUT_RETURN_TYPE = YES_ERROR;
				GCC_WARN_UNDECLARED_SELECTOR = YES;
				GCC_WARN_UNINITIALIZED_AUTOS = YES_AGGRESSIVE;
				GCC_WARN_UNUSED_FUNCTION = YES;
				GCC_WARN_UNUSED_VARIABLE = YES;
				IPHONEOS_DEPLOYMENT_TARGET = 16.1;
				MTL_ENABLE_DEBUG_INFO = INCLUDE_SOURCE;
				MTL_FAST_MATH = YES;
				ONLY_ACTIVE_ARCH = YES;
				SDKROOT = iphoneos;
				SWIFT_ACTIVE_COMPILATION_CONDITIONS = DEBUG;
				SWIFT_OPTIMIZATION_LEVEL = "-Onone";
			};
			name = Debug;
		};
		5AA22FFA29C202CE008A84D2 /* Release */ = {
			isa = XCBuildConfiguration;
			buildSettings = {
				ALWAYS_SEARCH_USER_PATHS = NO;
				CLANG_ANALYZER_NONNULL = YES;
				CLANG_ANALYZER_NUMBER_OBJECT_CONVERSION = YES_AGGRESSIVE;
				CLANG_CXX_LANGUAGE_STANDARD = "gnu++20";
				CLANG_ENABLE_MODULES = YES;
				CLANG_ENABLE_OBJC_ARC = YES;
				CLANG_ENABLE_OBJC_WEAK = YES;
				CLANG_WARN_BLOCK_CAPTURE_AUTORELEASING = YES;
				CLANG_WARN_BOOL_CONVERSION = YES;
				CLANG_WARN_COMMA = YES;
				CLANG_WARN_CONSTANT_CONVERSION = YES;
				CLANG_WARN_DEPRECATED_OBJC_IMPLEMENTATIONS = YES;
				CLANG_WARN_DIRECT_OBJC_ISA_USAGE = YES_ERROR;
				CLANG_WARN_DOCUMENTATION_COMMENTS = YES;
				CLANG_WARN_EMPTY_BODY = YES;
				CLANG_WARN_ENUM_CONVERSION = YES;
				CLANG_WARN_INFINITE_RECURSION = YES;
				CLANG_WARN_INT_CONVERSION = YES;
				CLANG_WARN_NON_LITERAL_NULL_CONVERSION = YES;
				CLANG_WARN_OBJC_IMPLICIT_RETAIN_SELF = YES;
				CLANG_WARN_OBJC_LITERAL_CONVERSION = YES;
				CLANG_WARN_OBJC_ROOT_CLASS = YES_ERROR;
				CLANG_WARN_QUOTED_INCLUDE_IN_FRAMEWORK_HEADER = YES;
				CLANG_WARN_RANGE_LOOP_ANALYSIS = YES;
				CLANG_WARN_STRICT_PROTOTYPES = YES;
				CLANG_WARN_SUSPICIOUS_MOVE = YES;
				CLANG_WARN_UNGUARDED_AVAILABILITY = YES_AGGRESSIVE;
				CLANG_WARN_UNREACHABLE_CODE = YES;
				CLANG_WARN__DUPLICATE_METHOD_MATCH = YES;
				COPY_PHASE_STRIP = NO;
				DEBUG_INFORMATION_FORMAT = "dwarf-with-dsym";
				ENABLE_NS_ASSERTIONS = NO;
				ENABLE_STRICT_OBJC_MSGSEND = YES;
				GCC_C_LANGUAGE_STANDARD = gnu11;
				GCC_NO_COMMON_BLOCKS = YES;
				GCC_WARN_64_TO_32_BIT_CONVERSION = YES;
				GCC_WARN_ABOUT_RETURN_TYPE = YES_ERROR;
				GCC_WARN_UNDECLARED_SELECTOR = YES;
				GCC_WARN_UNINITIALIZED_AUTOS = YES_AGGRESSIVE;
				GCC_WARN_UNUSED_FUNCTION = YES;
				GCC_WARN_UNUSED_VARIABLE = YES;
				IPHONEOS_DEPLOYMENT_TARGET = 16.1;
				MTL_ENABLE_DEBUG_INFO = NO;
				MTL_FAST_MATH = YES;
				SDKROOT = iphoneos;
				SWIFT_COMPILATION_MODE = wholemodule;
				SWIFT_OPTIMIZATION_LEVEL = "-O";
				VALIDATE_PRODUCT = YES;
			};
			name = Release;
		};
		5AA22FFC29C202CE008A84D2 /* Debug */ = {
			isa = XCBuildConfiguration;
			buildSettings = {
				ASSETCATALOG_COMPILER_APPICON_NAME = AppIcon;
				ASSETCATALOG_COMPILER_GLOBAL_ACCENT_COLOR_NAME = AccentColor;
				CODE_SIGN_STYLE = Automatic;
				CURRENT_PROJECT_VERSION = 1;
				DEVELOPMENT_TEAM = NM9YBSUGNH;
				GENERATE_INFOPLIST_FILE = YES;
				INFOPLIST_FILE = AppStoreLBTA/Info.plist;
				INFOPLIST_KEY_UIApplicationSupportsIndirectInputEvents = YES;
				INFOPLIST_KEY_UILaunchStoryboardName = LaunchScreen;
				INFOPLIST_KEY_UIMainStoryboardFile = Main;
				INFOPLIST_KEY_UISupportedInterfaceOrientations_iPad = "UIInterfaceOrientationPortrait UIInterfaceOrientationPortraitUpsideDown UIInterfaceOrientationLandscapeLeft UIInterfaceOrientationLandscapeRight";
				INFOPLIST_KEY_UISupportedInterfaceOrientations_iPhone = "UIInterfaceOrientationPortrait UIInterfaceOrientationLandscapeLeft UIInterfaceOrientationLandscapeRight";
				LD_RUNPATH_SEARCH_PATHS = (
					"$(inherited)",
					"@executable_path/Frameworks",
				);
				MARKETING_VERSION = 1.0;
				PRODUCT_BUNDLE_IDENTIFIER = com.vinhht.AppStoreLBTA;
				PRODUCT_NAME = "$(TARGET_NAME)";
				SWIFT_EMIT_LOC_STRINGS = YES;
				SWIFT_VERSION = 5.0;
				TARGETED_DEVICE_FAMILY = "1,2";
			};
			name = Debug;
		};
		5AA22FFD29C202CE008A84D2 /* Release */ = {
			isa = XCBuildConfiguration;
			buildSettings = {
				ASSETCATALOG_COMPILER_APPICON_NAME = AppIcon;
				ASSETCATALOG_COMPILER_GLOBAL_ACCENT_COLOR_NAME = AccentColor;
				CODE_SIGN_STYLE = Automatic;
				CURRENT_PROJECT_VERSION = 1;
				DEVELOPMENT_TEAM = NM9YBSUGNH;
				GENERATE_INFOPLIST_FILE = YES;
				INFOPLIST_FILE = AppStoreLBTA/Info.plist;
				INFOPLIST_KEY_UIApplicationSupportsIndirectInputEvents = YES;
				INFOPLIST_KEY_UILaunchStoryboardName = LaunchScreen;
				INFOPLIST_KEY_UIMainStoryboardFile = Main;
				INFOPLIST_KEY_UISupportedInterfaceOrientations_iPad = "UIInterfaceOrientationPortrait UIInterfaceOrientationPortraitUpsideDown UIInterfaceOrientationLandscapeLeft UIInterfaceOrientationLandscapeRight";
				INFOPLIST_KEY_UISupportedInterfaceOrientations_iPhone = "UIInterfaceOrientationPortrait UIInterfaceOrientationLandscapeLeft UIInterfaceOrientationLandscapeRight";
				LD_RUNPATH_SEARCH_PATHS = (
					"$(inherited)",
					"@executable_path/Frameworks",
				);
				MARKETING_VERSION = 1.0;
				PRODUCT_BUNDLE_IDENTIFIER = com.vinhht.AppStoreLBTA;
				PRODUCT_NAME = "$(TARGET_NAME)";
				SWIFT_EMIT_LOC_STRINGS = YES;
				SWIFT_VERSION = 5.0;
				TARGETED_DEVICE_FAMILY = "1,2";
			};
			name = Release;
		};
/* End XCBuildConfiguration section */

/* Begin XCConfigurationList section */
		5AA22FE229C202CC008A84D2 /* Build configuration list for PBXProject "AppStoreLBTA" */ = {
			isa = XCConfigurationList;
			buildConfigurations = (
				5AA22FF929C202CE008A84D2 /* Debug */,
				5AA22FFA29C202CE008A84D2 /* Release */,
			);
			defaultConfigurationIsVisible = 0;
			defaultConfigurationName = Release;
		};
		5AA22FFB29C202CE008A84D2 /* Build configuration list for PBXNativeTarget "AppStoreLBTA" */ = {
			isa = XCConfigurationList;
			buildConfigurations = (
				5AA22FFC29C202CE008A84D2 /* Debug */,
				5AA22FFD29C202CE008A84D2 /* Release */,
			);
			defaultConfigurationIsVisible = 0;
			defaultConfigurationName = Release;
		};
/* End XCConfigurationList section */

/* Begin XCRemoteSwiftPackageReference section */
		5AA2301329C2418A008A84D2 /* XCRemoteSwiftPackageReference "SDWebImage" */ = {
			isa = XCRemoteSwiftPackageReference;
			repositoryURL = "https://github.com/SDWebImage/SDWebImage.git";
			requirement = {
				kind = upToNextMajorVersion;
				minimumVersion = 5.0.0;
			};
		};
/* End XCRemoteSwiftPackageReference section */

/* Begin XCSwiftPackageProductDependency section */
		5AA2301429C2418A008A84D2 /* SDWebImage */ = {
			isa = XCSwiftPackageProductDependency;
			package = 5AA2301329C2418A008A84D2 /* XCRemoteSwiftPackageReference "SDWebImage" */;
			productName = SDWebImage;
		};
/* End XCSwiftPackageProductDependency section */
	};
	rootObject = 5AA22FDF29C202CC008A84D2 /* Project object */;
}
